Microsoft Visual Studio Solution File, Format Version 12.00
# Visual Studio Version 17
VisualStudioVersion = 17.5.2.0
MinimumVisualStudioVersion = 10.0.40219.1
Project("{FAE04EC0-301F-11D3-BF4B-00C04F79EFBC}") = "RentCar.Api", "RentCar.Api.csproj", "{31038160-818B-0A99-E829-6B123E9DA8A1}"
EndProject
Global
	GlobalSection(SolutionConfigurationPlatforms) = preSolution
		Debug|Any CPU = Debug|Any CPU
		Release|Any CPU = Release|Any CPU
	EndGlobalSection
	GlobalSection(ProjectConfigurationPlatforms) = postSolution
		{31038160-818B-0A99-E829-6B123E9DA8A1}.Debug|Any CPU.ActiveCfg = Debug|Any CPU
		{31038160-818B-0A99-E829-6B123E9DA8A1}.Debug|Any CPU.Build.0 = Debug|Any CPU
		{31038160-818B-0A99-E829-6B123E9DA8A1}.Release|Any CPU.ActiveCfg = Release|Any CPU
		{31038160-818B-0A99-E829-6B123E9DA8A1}.Release|Any CPU.Build.0 = Release|Any CPU
	EndGlobalSection
	GlobalSection(SolutionProperties) = preSolution
		HideSolutionNode = FALSE
	EndGlobalSection
	GlobalSection(ExtensibilityGlobals) = postSolution
		SolutionGuid = {3A0BEABB-3E9C-49D9-9457-73EC951314F6}
	EndGlobalSection
EndGlobal
